// !$*UTF8*$!
{
	archiveVersion = 1;
	classes = {
	};
	objectVersion = 46;
	objects = {

/* Begin PBXBuildFile section */
		838348061F012E20000E419F /* AppDelegate.swift in Sources */ = {isa = PBXBuildFile; fileRef = 838348051F012E20000E419F /* AppDelegate.swift */; };
		838348081F012E20000E419F /* ViewController.swift in Sources */ = {isa = PBXBuildFile; fileRef = 838348071F012E20000E419F /* ViewController.swift */; };
		8383480B1F012E20000E419F /* Main.storyboard in Resources */ = {isa = PBXBuildFile; fileRef = 838348091F012E20000E419F /* Main.storyboard */; };
		8383480D1F012E20000E419F /* Assets.xcassets in Resources */ = {isa = PBXBuildFile; fileRef = 8383480C1F012E20000E419F /* Assets.xcassets */; };
		838348101F012E20000E419F /* LaunchScreen.storyboard in Resources */ = {isa = PBXBuildFile; fileRef = 8383480E1F012E20000E419F /* LaunchScreen.storyboard */; };
		838348201F013512000E419F /* summer_02.png in Resources */ = {isa = PBXBuildFile; fileRef = 8383481D1F013512000E419F /* summer_02.png */; };
		838348211F013512000E419F /* summer_01.png in Resources */ = {isa = PBXBuildFile; fileRef = 8383481E1F013512000E419F /* summer_01.png */; };
		838348221F013512000E419F /* summer_03.png in Resources */ = {isa = PBXBuildFile; fileRef = 8383481F1F013512000E419F /* summer_03.png */; };
		838348491F0270DE000E419F /* next.png in Resources */ = {isa = PBXBuildFile; fileRef = 838348431F0270DE000E419F /* next.png */; };
		8383484A1F0270DE000E419F /* bg_02.png in Resources */ = {isa = PBXBuildFile; fileRef = 838348441F0270DE000E419F /* bg_02.png */; };
		8383484B1F0270DE000E419F /* go.png in Resources */ = {isa = PBXBuildFile; fileRef = 838348451F0270DE000E419F /* go.png */; };
		8383484C1F0270DE000E419F /* main_01.png in Resources */ = {isa = PBXBuildFile; fileRef = 838348461F0270DE000E419F /* main_01.png */; };
		8383484D1F0270DE000E419F /* back.png in Resources */ = {isa = PBXBuildFile; fileRef = 838348471F0270DE000E419F /* back.png */; };
		8383484E1F0270DE000E419F /* people.gif in Resources */ = {isa = PBXBuildFile; fileRef = 838348481F0270DE000E419F /* people.gif */; };
		838348501F0325A3000E419F /* bg_01.png in Resources */ = {isa = PBXBuildFile; fileRef = 8383484F1F0325A3000E419F /* bg_01.png */; };
		838348521F03262C000E419F /* bg_03.png in Resources */ = {isa = PBXBuildFile; fileRef = 838348511F03262C000E419F /* bg_03.png */; };
		83E2D2471F12F0160012E5B8 /* resultViewController.swift in Sources */ = {isa = PBXBuildFile; fileRef = 83E2D2461F12F0160012E5B8 /* resultViewController.swift */; };
		83E2D24B1F12F1EE0012E5B8 /* result_back.png in Resources */ = {isa = PBXBuildFile; fileRef = 83E2D24A1F12F1EE0012E5B8 /* result_back.png */; };
/* End PBXBuildFile section */

/* Begin PBXFileReference section */
		838348021F012E20000E419F /* SlideshowApp.app */ = {isa = PBXFileReference; explicitFileType = wrapper.application; includeInIndex = 0; path = SlideshowApp.app; sourceTree = BUILT_PRODUCTS_DIR; };
		838348051F012E20000E419F /* AppDelegate.swift */ = {isa = PBXFileReference; lastKnownFileType = sourcecode.swift; path = AppDelegate.swift; sourceTree = "<group>"; };
		838348071F012E20000E419F /* ViewController.swift */ = {isa = PBXFileReference; lastKnownFileType = sourcecode.swift; path = ViewController.swift; sourceTree = "<group>"; };
		8383480A1F012E20000E419F /* Base */ = {isa = PBXFileReference; lastKnownFileType = file.storyboard; name = Base; path = Base.lproj/Main.storyboard; sourceTree = "<group>"; };
		8383480C1F012E20000E419F /* Assets.xcassets */ = {isa = PBXFileReference; lastKnownFileType = folder.assetcatalog; path = Assets.xcassets; sourceTree = "<group>"; };
		8383480F1F012E20000E419F /* Base */ = {isa = PBXFileReference; lastKnownFileType = file.storyboard; name = Base; path = Base.lproj/LaunchScreen.storyboard; sourceTree = "<group>"; };
		838348111F012E20000E419F /* Info.plist */ = {isa = PBXFileReference; lastKnownFileType = text.plist.xml; path = Info.plist; sourceTree = "<group>"; };
		8383481D1F013512000E419F /* summer_02.png */ = {isa = PBXFileReference; lastKnownFileType = image.png; path = summer_02.png; sourceTree = "<group>"; };
		8383481E1F013512000E419F /* summer_01.png */ = {isa = PBXFileReference; lastKnownFileType = image.png; path = summer_01.png; sourceTree = "<group>"; };
		8383481F1F013512000E419F /* summer_03.png */ = {isa = PBXFileReference; lastKnownFileType = image.png; path = summer_03.png; sourceTree = "<group>"; };
		838348431F0270DE000E419F /* next.png */ = {isa = PBXFileReference; lastKnownFileType = image.png; path = next.png; sourceTree = "<group>"; };
		838348441F0270DE000E419F /* bg_02.png */ = {isa = PBXFileReference; lastKnownFileType = image.png; path = bg_02.png; sourceTree = "<group>"; };
		838348451F0270DE000E419F /* go.png */ = {isa = PBXFileReference; lastKnownFileType = image.png; path = go.png; sourceTree = "<group>"; };
		838348461F0270DE000E419F /* main_01.png */ = {isa = PBXFileReference; lastKnownFileType = image.png; path = main_01.png; sourceTree = "<group>"; };
		838348471F0270DE000E419F /* back.png */ = {isa = PBXFileReference; lastKnownFileType = image.png; path = back.png; sourceTree = "<group>"; };
		838348481F0270DE000E419F /* people.gif */ = {isa = PBXFileReference; lastKnownFileType = image.gif; path = people.gif; sourceTree = "<group>"; };
		8383484F1F0325A3000E419F /* bg_01.png */ = {isa = PBXFileReference; lastKnownFileType = image.png; path = bg_01.png; sourceTree = "<group>"; };
		838348511F03262C000E419F /* bg_03.png */ = {isa = PBXFileReference; lastKnownFileType = image.png; path = bg_03.png; sourceTree = "<group>"; };
		83E2D2461F12F0160012E5B8 /* resultViewController.swift */ = {isa = PBXFileReference; fileEncoding = 4; lastKnownFileType = sourcecode.swift; path = resultViewController.swift; sourceTree = "<group>"; };
		83E2D24A1F12F1EE0012E5B8 /* result_back.png */ = {isa = PBXFileReference; lastKnownFileType = image.png; path = result_back.png; sourceTree = "<group>"; };
/* End PBXFileReference section */

/* Begin PBXFrameworksBuildPhase section */
		838347FF1F012E20000E419F /* Frameworks */ = {
			isa = PBXFrameworksBuildPhase;
			buildActionMask = 2147483647;
			files = (
			);
			runOnlyForDeploymentPostprocessing = 0;
		};
/* End PBXFrameworksBuildPhase section */

/* Begin PBXGroup section */
		838347F91F012E20000E419F = {
			isa = PBXGroup;
			children = (
				838348041F012E20000E419F /* SlideshowApp */,
				838348031F012E20000E419F /* Products */,
			);
			sourceTree = "<group>";
		};
		838348031F012E20000E419F /* Products */ = {
			isa = PBXGroup;
			children = (
				838348021F012E20000E419F /* SlideshowApp.app */,
			);
			name = Products;
			sourceTree = "<group>";
		};
		838348041F012E20000E419F /* SlideshowApp */ = {
			isa = PBXGroup;
			children = (
				83E2D24A1F12F1EE0012E5B8 /* result_back.png */,
				838348431F0270DE000E419F /* next.png */,
				838348441F0270DE000E419F /* bg_02.png */,
				8383484F1F0325A3000E419F /* bg_01.png */,
				838348511F03262C000E419F /* bg_03.png */,
				838348451F0270DE000E419F /* go.png */,
				838348461F0270DE000E419F /* main_01.png */,
				838348471F0270DE000E419F /* back.png */,
				838348481F0270DE000E419F /* people.gif */,
				8383481D1F013512000E419F /* summer_02.png */,
				8383481E1F013512000E419F /* summer_01.png */,
				8383481F1F013512000E419F /* summer_03.png */,
				838348051F012E20000E419F /* AppDelegate.swift */,
				838348071F012E20000E419F /* ViewController.swift */,
				838348091F012E20000E419F /* Main.storyboard */,
				83E2D2461F12F0160012E5B8 /* resultViewController.swift */,
				8383480C1F012E20000E419F /* Assets.xcassets */,
				8383480E1F012E20000E419F /* LaunchScreen.storyboard */,
				838348111F012E20000E419F /* Info.plist */,
			);
			path = SlideshowApp;
			sourceTree = "<group>";
		};
/* End PBXGroup section */

/* Begin PBXNativeTarget section */
		838348011F012E20000E419F /* SlideshowApp */ = {
			isa = PBXNativeTarget;
			buildConfigurationList = 838348141F012E20000E419F /* Build configuration list for PBXNativeTarget "SlideshowApp" */;
			buildPhases = (
				838347FE1F012E20000E419F /* Sources */,
				838347FF1F012E20000E419F /* Frameworks */,
				838348001F012E20000E419F /* Resources */,
			);
			buildRules = (
			);
			dependencies = (
			);
			name = SlideshowApp;
			productName = SlideshowApp;
			productReference = 838348021F012E20000E419F /* SlideshowApp.app */;
			productType = "com.apple.product-type.application";
		};
/* End PBXNativeTarget section */

/* Begin PBXProject section */
		838347FA1F012E20000E419F /* Project object */ = {
			isa = PBXProject;
			attributes = {
				LastSwiftUpdateCheck = 0830;
				LastUpgradeCheck = 0830;
				ORGANIZATIONNAME = daisuke.matsumoto;
				TargetAttributes = {
					838348011F012E20000E419F = {
						CreatedOnToolsVersion = 8.3.3;
						DevelopmentTeam = D797U75E23;
						ProvisioningStyle = Automatic;
					};
				};
			};
			buildConfigurationList = 838347FD1F012E20000E419F /* Build configuration list for PBXProject "SlideshowApp" */;
			compatibilityVersion = "Xcode 3.2";
			developmentRegion = English;
			hasScannedForEncodings = 0;
			knownRegions = (
				en,
				Base,
			);
			mainGroup = 838347F91F012E20000E419F;
			productRefGroup = 838348031F012E20000E419F /* Products */;
			projectDirPath = "";
			projectRoot = "";
			targets = (
				838348011F012E20000E419F /* SlideshowApp */,
			);
		};
/* End PBXProject section */

/* Begin PBXResourcesBuildPhase section */
		838348001F012E20000E419F /* Resources */ = {
			isa = PBXResourcesBuildPhase;
			buildActionMask = 2147483647;
			files = (
				838348101F012E20000E419F /* LaunchScreen.storyboard in Resources */,
				838348221F013512000E419F /* summer_03.png in Resources */,
				8383480D1F012E20000E419F /* Assets.xcassets in Resources */,
				8383484D1F0270DE000E419F /* back.png in Resources */,
				8383484C1F0270DE000E419F /* main_01.png in Resources */,
				838348211F013512000E419F /* summer_01.png in Resources */,
				838348491F0270DE000E419F /* next.png in Resources */,
				8383484B1F0270DE000E419F /* go.png in Resources */,
				838348501F0325A3000E419F /* bg_01.png in Resources */,
				8383484A1F0270DE000E419F /* bg_02.png in Resources */,
				838348201F013512000E419F /* summer_02.png in Resources */,
				8383480B1F012E20000E419F /* Main.storyboard in Resources */,
				8383484E1F0270DE000E419F /* people.gif in Resources */,
				838348521F03262C000E419F /* bg_03.png in Resources */,
				83E2D24B1F12F1EE0012E5B8 /* result_back.png in Resources */,
			);
			runOnlyForDeploymentPostprocessing = 0;
		};
/* End PBXResourcesBuildPhase section */

/* Begin PBXSourcesBuildPhase section */
		838347FE1F012E20000E419F /* Sources */ = {
			isa = PBXSourcesBuildPhase;
			buildActionMask = 2147483647;
			files = (
				83E2D2471F12F0160012E5B8 /* resultViewController.swift in Sources */,
				838348081F012E20000E419F /* ViewController.swift in Sources */,
				838348061F012E20000E419F /* AppDelegate.swift in Sources */,
			);
			runOnlyForDeploymentPostprocessing = 0;
		};
/* End PBXSourcesBuildPhase section */

/* Begin PBXVariantGroup section */
		838348091F012E20000E419F /* Main.storyboard */ = {
			isa = PBXVariantGroup;
			children = (
				8383480A1F012E20000E419F /* Base */,
			);
			name = Main.storyboard;
			sourceTree = "<group>";
		};
		8383480E1F012E20000E419F /* LaunchScreen.storyboard */ = {
			isa = PBXVariantGroup;
			children = (
				8383480F1F012E20000E419F /* Base */,
			);
			name = LaunchScreen.storyboard;
			sourceTree = "<group>";
		};
/* End PBXVariantGroup section */

/* Begin XCBuildConfiguration section */
		838348121F012E20000E419F /* Debug */ = {
			isa = XCBuildConfiguration;
			buildSettings = {
				ALWAYS_SEARCH_USER_PATHS = NO;
				CLANG_ANALYZER_NONNULL = YES;
				CLANG_ANALYZER_NUMBER_OBJECT_CONVERSION = YES_AGGRESSIVE;
				CLANG_CXX_LANGUAGE_STANDARD = "gnu++0x";
				CLANG_CXX_LIBRARY = "libc++";
				CLANG_ENABLE_MODULES = YES;
				CLANG_ENABLE_OBJC_ARC = YES;
				CLANG_WARN_BOOL_CONVERSION = YES;
				CLANG_WARN_CONSTANT_CONVERSION = YES;
				CLANG_WARN_DIRECT_OBJC_ISA_USAGE = YES_ERROR;
				CLANG_WARN_DOCUMENTATION_COMMENTS = YES;
				CLANG_WARN_EMPTY_BODY = YES;
				CLANG_WARN_ENUM_CONVERSION = YES;
				CLANG_WARN_INFINITE_RECURSION = YES;
				CLANG_WARN_INT_CONVERSION = YES;
				CLANG_WARN_OBJC_ROOT_CLASS = YES_ERROR;
				CLANG_WARN_SUSPICIOUS_MOVE = YES;
				CLANG_WARN_UNREACHABLE_CODE = YES;
				CLANG_WARN__DUPLICATE_METHOD_MATCH = YES;
				"CODE_SIGN_IDENTITY[sdk=iphoneos*]" = "iPhone Developer";
				COPY_PHASE_STRIP = NO;
				DEBUG_INFORMATION_FORMAT = dwarf;
				ENABLE_STRICT_OBJC_MSGSEND = YES;
				ENABLE_TESTABILITY = YES;
				GCC_C_LANGUAGE_STANDARD = gnu99;
				GCC_DYNAMIC_NO_PIC = NO;
				GCC_NO_COMMON_BLOCKS = YES;
				GCC_OPTIMIZATION_LEVEL = 0;
				GCC_PREPROCESSOR_DEFINITIONS = (
					"DEBUG=1",
					"$(inherited)",
				);
				GCC_WARN_64_TO_32_BIT_CONVERSION = YES;
				GCC_WARN_ABOUT_RETURN_TYPE = YES_ERROR;
				GCC_WARN_UNDECLARED_SELECTOR = YES;
				GCC_WARN_UNINITIALIZED_AUTOS = YES_AGGRESSIVE;
				GCC_WARN_UNUSED_FUNCTION = YES;
				GCC_WARN_UNUSED_VARIABLE = YES;
				IPHONEOS_DEPLOYMENT_TARGET = 10.3;
				MTL_ENABLE_DEBUG_INFO = YES;
				ONLY_ACTIVE_ARCH = YES;
				SDKROOT = iphoneos;
				SWIFT_ACTIVE_COMPILATION_CONDITIONS = DEBUG;
				SWIFT_OPTIMIZATION_LEVEL = "-Onone";
			};
			name = Debug;
		};
		838348131F012E20000E419F /* Release */ = {
			isa = XCBuildConfiguration;
			buildSettings = {
				ALWAYS_SEARCH_USER_PATHS = NO;
				CLANG_ANALYZER_NONNULL = YES;
				CLANG_ANALYZER_NUMBER_OBJECT_CONVERSION = YES_AGGRESSIVE;
				CLANG_CXX_LANGUAGE_STANDARD = "gnu++0x";
				CLANG_CXX_LIBRARY = "libc++";
				CLANG_ENABLE_MODULES = YES;
				CLANG_ENABLE_OBJC_ARC = YES;
				CLANG_WARN_BOOL_CONVERSION = YES;
				CLANG_WARN_CONSTANT_CONVERSION = YES;
				CLANG_WARN_DIRECT_OBJC_ISA_USAGE = YES_ERROR;
				CLANG_WARN_DOCUMENTATION_COMMENTS = YES;
				CLANG_WARN_EMPTY_BODY = YES;
				CLANG_WARN_ENUM_CONVERSION = YES;
				CLANG_WARN_INFINITE_RECURSION = YES;
				CLANG_WARN_INT_CONVERSION = YES;
				CLANG_WARN_OBJC_ROOT_CLASS = YES_ERROR;
				CLANG_WARN_SUSPICIOUS_MOVE = YES;
				CLANG_WARN_UNREACHABLE_CODE = YES;
				CLANG_WARN__DUPLICATE_METHOD_MATCH = YES;
				"CODE_SIGN_IDENTITY[sdk=iphoneos*]" = "iPhone Developer";
				COPY_PHASE_STRIP = NO;
				DEBUG_INFORMATION_FORMAT = "dwarf-with-dsym";
				ENABLE_NS_ASSERTIONS = NO;
				ENABLE_STRICT_OBJC_MSGSEND = YES;
				GCC_C_LANGUAGE_STANDARD = gnu99;
				GCC_NO_COMMON_BLOCKS = YES;
				GCC_WARN_64_TO_32_BIT_CONVERSION = YES;
				GCC_WARN_ABOUT_RETURN_TYPE = YES_ERROR;
				GCC_WARN_UNDECLARED_SELECTOR = YES;
				GCC_WARN_UNINITIALIZED_AUTOS = YES_AGGRESSIVE;
				GCC_WARN_UNUSED_FUNCTION = YES;
				GCC_WARN_UNUSED_VARIABLE = YES;
				IPHONEOS_DEPLOYMENT_TARGET = 10.3;
				MTL_ENABLE_DEBUG_INFO = NO;
				SDKROOT = iphoneos;
				SWIFT_OPTIMIZATION_LEVEL = "-Owholemodule";
				VALIDATE_PRODUCT = YES;
			};
			name = Release;
		};
		838348151F012E20000E419F /* Debug */ = {
			isa = XCBuildConfiguration;
			buildSettings = {
				ASSETCATALOG_COMPILER_APPICON_NAME = AppIcon;
				DEVELOPMENT_TEAM = D797U75E23;
				INFOPLIST_FILE = SlideshowApp/Info.plist;
				LD_RUNPATH_SEARCH_PATHS = "$(inherited) @executable_path/Frameworks";
				PRODUCT_BUNDLE_IDENTIFIER = gmail.com.da.mats1990.SlideshowApp;
				PRODUCT_NAME = "$(TARGET_NAME)";
				SWIFT_VERSION = 3.0;
			};
			name = Debug;
		};
		838348161F012E20000E419F /* Release */ = {
			isa = XCBuildConfiguration;
			buildSettings = {
				ASSETCATALOG_COMPILER_APPICON_NAME = AppIcon;
				DEVELOPMENT_TEAM = D797U75E23;
				INFOPLIST_FILE = SlideshowApp/Info.plist;
				LD_RUNPATH_SEARCH_PATHS = "$(inherited) @executable_path/Frameworks";
				PRODUCT_BUNDLE_IDENTIFIER = gmail.com.da.mats1990.SlideshowApp;
				PRODUCT_NAME = "$(TARGET_NAME)";
				SWIFT_VERSION = 3.0;
			};
			name = Release;
		};
/* End XCBuildConfiguration section */

/* Begin XCConfigurationList section */
		838347FD1F012E20000E419F /* Build configuration list for PBXProject "SlideshowApp" */ = {
			isa = XCConfigurationList;
			buildConfigurations = (
				838348121F012E20000E419F /* Debug */,
				838348131F012E20000E419F /* Release */,
			);
			defaultConfigurationIsVisible = 0;
			defaultConfigurationName = Release;
		};
		838348141F012E20000E419F /* Build configuration list for PBXNativeTarget "SlideshowApp" */ = {
			isa = XCConfigurationList;
			buildConfigurations = (
				838348151F012E20000E419F /* Debug */,
				838348161F012E20000E419F /* Release */,
			);
			defaultConfigurationIsVisible = 0;
			defaultConfigurationName = Release;
		};
/* End XCConfigurationList section */
	};
	rootObject = 838347FA1F012E20000E419F /* Project object */;
}
